
Microsoft Visual Studio Solution File, Format Version 12.00
# Visual Studio Version 16
VisualStudioVersion = 16.0.31004.235
MinimumVisualStudioVersion = 10.0.40219.1
Project("{FAE04EC0-301F-11D3-BF4B-00C04F79EFBC}") = "LiveSplit.Crash4LoadRemover", "LiveSplit.Crash4LoadRemover\LiveSplit.Crash4LoadRemover.csproj", "{D00D9B27-3ABA-4693-B4CC-2B5186DC3451}"
EndProject
Global
	GlobalSection(SolutionConfigurationPlatforms) = preSolution
		Debug|Any CPU = Debug|Any CPU
		Release|Any CPU = Release|Any CPU
	EndGlobalSection
	GlobalSection(ProjectConfigurationPlatforms) = postSolution
		{D00D9B27-3ABA-4693-B4CC-2B5186DC3451}.Debug|Any CPU.ActiveCfg = Debug|Any CPU
		{D00D9B27-3ABA-4693-B4CC-2B5186DC3451}.Debug|Any CPU.Build.0 = Debug|Any CPU
		{D00D9B27-3ABA-4693-B4CC-2B5186DC3451}.Release|Any CPU.ActiveCfg = Release|Any CPU
		{D00D9B27-3ABA-4693-B4CC-2B5186DC3451}.Release|Any CPU.Build.0 = Release|Any CPU
	EndGlobalSection
	GlobalSection(SolutionProperties) = preSolution
		HideSolutionNode = FALSE
	EndGlobalSection
	GlobalSection(ExtensibilityGlobals) = postSolution
		SolutionGuid = {94BE3D56-DF02-4A32-A8D9-4C4FFF417FD0}
	EndGlobalSection
EndGlobal
